
Microsoft Visual Studio Solution File, Format Version 12.00
# Visual Studio 2012
Project("{FAE04EC0-301F-11D3-BF4B-00C04F79EFBC}") = "AcadOracle.WebMVC", "AcadOracle.WebMVC\AcadOracle.WebMVC.csproj", "{B0751817-BD30-4545-B07F-8743BAEDCEE3}"
EndProject
Project("{FAE04EC0-301F-11D3-BF4B-00C04F79EFBC}") = "AcadOracle.Tests", "AcadOracle.Tests\AcadOracle.Tests.csproj", "{9DD7396E-34B2-4B27-8A1F-151B4D33E0F9}"
EndProject
Project("{FAE04EC0-301F-11D3-BF4B-00C04F79EFBC}") = "AcadOracle.Core", "AcadOracle.Core\AcadOracle.Core.csproj", "{52DDDFEF-50D0-4CFE-8762-51A73F27AA2C}"
EndProject
Project("{FAE04EC0-301F-11D3-BF4B-00C04F79EFBC}") = "AcadOracle.Dal", "AcadOracle.Dal\AcadOracle.Dal.csproj", "{44CE2D41-4409-4C61-9AF3-ABC52DAF0403}"
EndProject
Project("{FAE04EC0-301F-11D3-BF4B-00C04F79EFBC}") = "AcadOracle.Common", "AcadOracle.Common\AcadOracle.Common.csproj", "{F1AF0396-4B92-4F38-B328-12D1C86CE07C}"
EndProject
Project("{00D1A9C2-B5F0-4AF3-8072-F6C62B433612}") = "AcadOracle.DB", "AcadOracle.DB\AcadOracle.DB.sqlproj", "{BB3AD2EE-1041-4B17-9BBA-CEB137ADFA73}"
EndProject
Project("{FAE04EC0-301F-11D3-BF4B-00C04F79EFBC}") = "AcadOracle.UnitTests", "AcadOracle.UnitTests\AcadOracle.UnitTests.csproj", "{C40F1676-562D-4817-83B4-4275ACD9E70C}"
EndProject
Project("{2150E333-8FDC-42A3-9474-1A3956D46DE8}") = "Business", "Business", "{93924F63-2C71-44BB-910B-2A95A5556408}"
EndProject
Project("{2150E333-8FDC-42A3-9474-1A3956D46DE8}") = "Presentation", "Presentation", "{29E5FC49-CAEA-44DE-92BA-D06DA667CFB8}"
EndProject
Project("{2150E333-8FDC-42A3-9474-1A3956D46DE8}") = "DataAccess", "DataAccess", "{5D4C5C6E-7F4E-4382-95F3-79FAE9D844AC}"
EndProject
Project("{FAE04EC0-301F-11D3-BF4B-00C04F79EFBC}") = "AcadOracle.DomainModel", "AcadOracle.DomainModel\AcadOracle.DomainModel.csproj", "{60585025-B29E-4B62-93F1-909AECD18CB2}"
EndProject
Project("{2150E333-8FDC-42A3-9474-1A3956D46DE8}") = "Tests", "Tests", "{BE768A8C-A55D-4172-A1EE-95504C99C2F0}"
EndProject
Project("{2150E333-8FDC-42A3-9474-1A3956D46DE8}") = ".nuget", ".nuget", "{F9EBE078-5832-4730-8EE2-708EC6EF471B}"
	ProjectSection(SolutionItems) = preProject
		.nuget\NuGet.Config = .nuget\NuGet.Config
		.nuget\NuGet.exe = .nuget\NuGet.exe
		.nuget\NuGet.targets = .nuget\NuGet.targets
	EndProjectSection
EndProject
Project("{F088123C-0E9E-452A-89E6-6BA2F21D5CAC}") = "AcadOracleModeling", "AcadOracleModeling\AcadOracleModeling.modelproj", "{BA663EBB-C767-4D79-9D75-B8572D3C564D}"
EndProject
Global
	GlobalSection(SolutionConfigurationPlatforms) = preSolution
		Debug|Any CPU = Debug|Any CPU
		Release|Any CPU = Release|Any CPU
	EndGlobalSection
	GlobalSection(ProjectConfigurationPlatforms) = postSolution
		{B0751817-BD30-4545-B07F-8743BAEDCEE3}.Debug|Any CPU.ActiveCfg = Debug|Any CPU
		{B0751817-BD30-4545-B07F-8743BAEDCEE3}.Debug|Any CPU.Build.0 = Debug|Any CPU
		{B0751817-BD30-4545-B07F-8743BAEDCEE3}.Release|Any CPU.ActiveCfg = Release|Any CPU
		{B0751817-BD30-4545-B07F-8743BAEDCEE3}.Release|Any CPU.Build.0 = Release|Any CPU
		{9DD7396E-34B2-4B27-8A1F-151B4D33E0F9}.Debug|Any CPU.ActiveCfg = Debug|Any CPU
		{9DD7396E-34B2-4B27-8A1F-151B4D33E0F9}.Debug|Any CPU.Build.0 = Debug|Any CPU
		{9DD7396E-34B2-4B27-8A1F-151B4D33E0F9}.Release|Any CPU.ActiveCfg = Release|Any CPU
		{9DD7396E-34B2-4B27-8A1F-151B4D33E0F9}.Release|Any CPU.Build.0 = Release|Any CPU
		{52DDDFEF-50D0-4CFE-8762-51A73F27AA2C}.Debug|Any CPU.ActiveCfg = Debug|Any CPU
		{52DDDFEF-50D0-4CFE-8762-51A73F27AA2C}.Debug|Any CPU.Build.0 = Debug|Any CPU
		{52DDDFEF-50D0-4CFE-8762-51A73F27AA2C}.Release|Any CPU.ActiveCfg = Release|Any CPU
		{52DDDFEF-50D0-4CFE-8762-51A73F27AA2C}.Release|Any CPU.Build.0 = Release|Any CPU
		{44CE2D41-4409-4C61-9AF3-ABC52DAF0403}.Debug|Any CPU.ActiveCfg = Debug|Any CPU
		{44CE2D41-4409-4C61-9AF3-ABC52DAF0403}.Debug|Any CPU.Build.0 = Debug|Any CPU
		{44CE2D41-4409-4C61-9AF3-ABC52DAF0403}.Release|Any CPU.ActiveCfg = Release|Any CPU
		{44CE2D41-4409-4C61-9AF3-ABC52DAF0403}.Release|Any CPU.Build.0 = Release|Any CPU
		{F1AF0396-4B92-4F38-B328-12D1C86CE07C}.Debug|Any CPU.ActiveCfg = Debug|Any CPU
		{F1AF0396-4B92-4F38-B328-12D1C86CE07C}.Debug|Any CPU.Build.0 = Debug|Any CPU
		{F1AF0396-4B92-4F38-B328-12D1C86CE07C}.Release|Any CPU.ActiveCfg = Release|Any CPU
		{F1AF0396-4B92-4F38-B328-12D1C86CE07C}.Release|Any CPU.Build.0 = Release|Any CPU
		{BB3AD2EE-1041-4B17-9BBA-CEB137ADFA73}.Debug|Any CPU.ActiveCfg = Debug|Any CPU
		{BB3AD2EE-1041-4B17-9BBA-CEB137ADFA73}.Debug|Any CPU.Build.0 = Debug|Any CPU
		{BB3AD2EE-1041-4B17-9BBA-CEB137ADFA73}.Debug|Any CPU.Deploy.0 = Debug|Any CPU
		{BB3AD2EE-1041-4B17-9BBA-CEB137ADFA73}.Release|Any CPU.ActiveCfg = Release|Any CPU
		{BB3AD2EE-1041-4B17-9BBA-CEB137ADFA73}.Release|Any CPU.Build.0 = Release|Any CPU
		{BB3AD2EE-1041-4B17-9BBA-CEB137ADFA73}.Release|Any CPU.Deploy.0 = Release|Any CPU
		{C40F1676-562D-4817-83B4-4275ACD9E70C}.Debug|Any CPU.ActiveCfg = Debug|Any CPU
		{C40F1676-562D-4817-83B4-4275ACD9E70C}.Debug|Any CPU.Build.0 = Debug|Any CPU
		{C40F1676-562D-4817-83B4-4275ACD9E70C}.Release|Any CPU.ActiveCfg = Release|Any CPU
		{C40F1676-562D-4817-83B4-4275ACD9E70C}.Release|Any CPU.Build.0 = Release|Any CPU
		{60585025-B29E-4B62-93F1-909AECD18CB2}.Debug|Any CPU.ActiveCfg = Debug|Any CPU
		{60585025-B29E-4B62-93F1-909AECD18CB2}.Debug|Any CPU.Build.0 = Debug|Any CPU
		{60585025-B29E-4B62-93F1-909AECD18CB2}.Release|Any CPU.ActiveCfg = Release|Any CPU
		{60585025-B29E-4B62-93F1-909AECD18CB2}.Release|Any CPU.Build.0 = Release|Any CPU
		{BA663EBB-C767-4D79-9D75-B8572D3C564D}.Debug|Any CPU.ActiveCfg = Debug|Any CPU
		{BA663EBB-C767-4D79-9D75-B8572D3C564D}.Debug|Any CPU.Build.0 = Debug|Any CPU
		{BA663EBB-C767-4D79-9D75-B8572D3C564D}.Release|Any CPU.ActiveCfg = Release|Any CPU
		{BA663EBB-C767-4D79-9D75-B8572D3C564D}.Release|Any CPU.Build.0 = Release|Any CPU
	EndGlobalSection
	GlobalSection(SolutionProperties) = preSolution
		HideSolutionNode = FALSE
	EndGlobalSection
	GlobalSection(NestedProjects) = preSolution
		{B0751817-BD30-4545-B07F-8743BAEDCEE3} = {29E5FC49-CAEA-44DE-92BA-D06DA667CFB8}
		{C40F1676-562D-4817-83B4-4275ACD9E70C} = {BE768A8C-A55D-4172-A1EE-95504C99C2F0}
		{9DD7396E-34B2-4B27-8A1F-151B4D33E0F9} = {BE768A8C-A55D-4172-A1EE-95504C99C2F0}
		{F1AF0396-4B92-4F38-B328-12D1C86CE07C} = {93924F63-2C71-44BB-910B-2A95A5556408}
		{52DDDFEF-50D0-4CFE-8762-51A73F27AA2C} = {93924F63-2C71-44BB-910B-2A95A5556408}
		{60585025-B29E-4B62-93F1-909AECD18CB2} = {93924F63-2C71-44BB-910B-2A95A5556408}
		{BB3AD2EE-1041-4B17-9BBA-CEB137ADFA73} = {5D4C5C6E-7F4E-4382-95F3-79FAE9D844AC}
		{44CE2D41-4409-4C61-9AF3-ABC52DAF0403} = {5D4C5C6E-7F4E-4382-95F3-79FAE9D844AC}
	EndGlobalSection
EndGlobal
